
Microsoft Visual Studio Solution File, Format Version 12.00
Project("{FAE04EC0-301F-11D3-BF4B-00C04F79EFBC}") = "EightBitSaxLounge.Midi", "EightBitSaxLounge.Midi\EightBitSaxLounge.Midi.csproj", "{289BFA78-76E0-4BAA-BCD8-C2B6DD2B28AB}"
EndProject
Global
	GlobalSection(SolutionConfigurationPlatforms) = preSolution
		Debug|Any CPU = Debug|Any CPU
		Release|Any CPU = Release|Any CPU
	EndGlobalSection
	GlobalSection(ProjectConfigurationPlatforms) = postSolution
		{289BFA78-76E0-4BAA-BCD8-C2B6DD2B28AB}.Debug|Any CPU.ActiveCfg = Debug|Any CPU
		{289BFA78-76E0-4BAA-BCD8-C2B6DD2B28AB}.Debug|Any CPU.Build.0 = Debug|Any CPU
		{289BFA78-76E0-4BAA-BCD8-C2B6DD2B28AB}.Release|Any CPU.ActiveCfg = Release|Any CPU
		{289BFA78-76E0-4BAA-BCD8-C2B6DD2B28AB}.Release|Any CPU.Build.0 = Release|Any CPU
	EndGlobalSection
EndGlobal
